
Microsoft Visual Studio Solution File, Format Version 12.00
# Visual Studio Version 17
VisualStudioVersion = 17.14.36811.4 d17.14
MinimumVisualStudioVersion = 10.0.40219.1
Project("{FAE04EC0-301F-11D3-BF4B-00C04F79EFBC}") = "BubbleApp", "BubbleApp\BubbleApp.csproj", "{9351F779-A6CC-4AB1-B5AE-CF5AAF3C0079}"
EndProject
Global
	GlobalSection(SolutionConfigurationPlatforms) = preSolution
		Debug|Any CPU = Debug|Any CPU
		Release|Any CPU = Release|Any CPU
	EndGlobalSection
	GlobalSection(ProjectConfigurationPlatforms) = postSolution
		{9351F779-A6CC-4AB1-B5AE-CF5AAF3C0079}.Debug|Any CPU.ActiveCfg = Debug|Any CPU
		{9351F779-A6CC-4AB1-B5AE-CF5AAF3C0079}.Debug|Any CPU.Build.0 = Debug|Any CPU
		{9351F779-A6CC-4AB1-B5AE-CF5AAF3C0079}.Release|Any CPU.ActiveCfg = Release|Any CPU
		{9351F779-A6CC-4AB1-B5AE-CF5AAF3C0079}.Release|Any CPU.Build.0 = Release|Any CPU
	EndGlobalSection
	GlobalSection(SolutionProperties) = preSolution
		HideSolutionNode = FALSE
	EndGlobalSection
	GlobalSection(ExtensibilityGlobals) = postSolution
		SolutionGuid = {99FA665F-0454-44CD-B979-DEC8025EA1CA}
	EndGlobalSection
EndGlobal
